version = 1
revision = 3
requires-python = "==3.13.*"
resolution-markers = [
    "platform_machine == 'x86_64' and sys_platform == 'darwin'",
    "platform_machine == 'arm64' and sys_platform == 'darwin'",
    "platform_machine == 'x86_64' and sys_platform == 'linux'",
    "platform_machine == 'AMD64' and sys_platform == 'win32'",
]
supported-markers = [
    "platform_machine == 'x86_64' and sys_platform == 'darwin'",
    "platform_machine == 'arm64' and sys_platform == 'darwin'",
    "platform_machine == 'x86_64' and sys_platform == 'linux'",
    "platform_machine == 'AMD64' and sys_platform == 'win32'",
]

[[package]]
name = "annotated-doc"
version = "0.0.4"
source = { registry = "https://pypi.org/simple" }
sdist = { url = "https://files.pythonhosted.org/packages/57/ba/046ceea27344560984e26a590f90bc7f4a75b06701f653222458922b558c/annotated_doc-0.0.4.tar.gz", hash = "sha256:fbcda96e87e9c92ad167c2e53839e57503ecfda18804ea28102353485033faa4", size = 7288, upload-time = "2025-11-10T22:07:42.062Z" }
wheels = [
    { url = "https://files.pythonhosted.org/packages/1e/d3/26bf1008eb3d2daa8ef4cacc7f3bfdc11818d111f7e2d0201bc6e3b49d45/annotated_doc-0.0.4-py3-none-any.whl", hash = "sha256:571ac1dc6991c450b25a9c2d84a3705e2ae7a53467b5d111c24fa8baabbed320", size = 5303, upload-time = "2025-11-10T22:07:40.673Z" },
]

[[package]]
name = "annotated-types"
version = "0.7.0"
source = { registry = "https://pypi.org/simple" }
sdist = { url = "https://files.pythonhosted.org/packages/ee/67/531ea369ba64dcff5ec9c3402f9f51bf748cec26dde048a2f973a4eea7f5/annotated_types-0.7.0.tar.gz", hash = "sha256:aff07c09a53a08bc8cfccb9c85b05f1aa9a2a6f23728d790723543408344ce89", size = 16081, upload-time = "2024-05-20T21:33:25.928Z" }
wheels = [
    { url = "https://files.pythonhosted.org/packages/78/b6/6307fbef88d9b5ee7421e68d78a9f162e0da4900bc5f5793f6d3d0e34fb8/annotated_types-0.7.0-py3-none-any.whl", hash = "sha256:1f02e8b43a8fbbc3f3e0d4f0f4bfc8131bcb4eebe8849b8e5c773f3a1c582a53", size = 13643, upload-time = "2024-05-20T21:33:24.1Z" },
]

[[package]]
name = "anyio"
version = "4.13.0"
source = { registry = "https://pypi.org/simple" }
dependencies = [
    { name = "idna", marker = "(platform_machine == 'arm64' and sys_platform == 'darwin') or (platform_machine == 'x86_64' and sys_platform == 'darwin') or (platform_machine == 'x86_64' and sys_platform == 'linux') or (platform_machine == 'AMD64' and sys_platform == 'win32')" },
]
sdist = { url = "https://files.pythonhosted.org/packages/19/14/2c5dd9f512b66549ae92767a9c7b330ae88e1932ca57876909410251fe13/anyio-4.13.0.tar.gz", hash = "sha256:334b70e641fd2221c1505b3890c69882fe4a2df910cba14d97019b90b24439dc", size = 231622, upload-time = "2026-03-24T12:59:09.671Z" }
wheels = [
    { url = "https://files.pythonhosted.org/packages/da/42/e921fccf5015463e32a3cf6ee7f980a6ed0f395ceeaa45060b61d86486c2/anyio-4.13.0-py3-none-any.whl", hash = "sha256:08b310f9e24a9594186fd75b4f73f4a4152069e3853f1ed8bfbf58369f4ad708", size = 114353, upload-time = "2026-03-24T12:59:08.246Z" },
]

[[package]]
name = "cfgv"
version = "3.5.0"
source = { registry = "https://pypi.org/simple" }
sdist = { url = "https://files.pythonhosted.org/packages/4e/b5/721b8799b04bf9afe054a3899c6cf4e880fcf8563cc71c15610242490a0c/cfgv-3.5.0.tar.gz", hash = "sha256:d5b1034354820651caa73ede66a6294d6e95c1b00acc5e9b098e917404669132", size = 7334, upload-time = "2025-11-19T20:55:51.612Z" }
wheels = [
    { url = "https://files.pythonhosted.org/packages/db/3c/33bac158f8ab7f89b2e59426d5fe2e4f63f7ed25df84c036890172b412b5/cfgv-3.5.0-py2.py3-none-any.whl", hash = "sha256:a8dc6b26ad22ff227d2634a65cb388215ce6cc96bbcc5cfde7641ae87e8dacc0", size = 7445, upload-time = "2025-11-19T20:55:50.744Z" },
]

[[package]]
name = "click"
version = "8.4.0"
source = { registry = "https://pypi.org/simple" }
dependencies = [
    { name = "colorama", marker = "platform_machine == 'AMD64' and sys_platform == 'win32'" },
]
sdist = { url = "https://files.pythonhosted.org/packages/23/e4/796662cd90cf80e3a363c99db2b88e0e394b988a575f60a17e16440cd011/click-8.4.0.tar.gz", hash = "sha256:638f1338fe1235c8f4e008e4a8a254fb5c5fbdcbb40ece3c9142ebb78e792973", size = 350843, upload-time = "2026-05-17T00:47:58.425Z" }
wheels = [
    { url = "https://files.pythonhosted.org/packages/ee/ae/8e92f8058baf87f6c7d86ee7e457668690195cc77efedb8d3797a06e3940/click-8.4.0-py3-none-any.whl", hash = "sha256:40c50b7c6c6adac2823d411041ec84f3f103f1b280d5e9ce0d7f998995832f81", size = 116147, upload-time = "2026-05-17T00:47:56.842Z" },
]

[[package]]
name = "colorama"
version = "0.4.6"
source = { registry = "https://pypi.org/simple" }
sdist = { url = "https://files.pythonhosted.org/packages/d8/53/6f443c9a4a8358a93a6792e2acffb9d9d5cb0a5cfd8802644b7b1c9a02e4/colorama-0.4.6.tar.gz", hash = "sha256:08695f5cb7ed6e0531a20572697297273c47b8cae5a63ffc6d6ed5c201be6e44", size = 27697, upload-time = "2022-10-25T02:36:22.414Z" }
wheels = [
    { url = "https://files.pythonhosted.org/packages/d1/d6/3965ed04c63042e047cb6a3e6ed1a63a35087b6a609aa3a15ed8ac56c221/colorama-0.4.6-py2.py3-none-any.whl", hash = "sha256:4f1d9991f5acc0ca119f9d443620b77f9d6b33703e51011c16baf57afb285fc6", size = 25335, upload-time = "2022-10-25T02:36:20.889Z" },
]

[[package]]
name = "coverage"
version = "7.14.0"
source = { registry = "https://pypi.org/simple" }
sdist = { url = "https://files.pythonhosted.org/packages/23/7f/d0720730a397a999ffc0fd3f5bebef347338e3a47b727da66fbb228e2ff2/coverage-7.14.0.tar.gz", hash = "sha256:057a6af2f160a85384cde4ab36f0d2777bae1057bae255f95413cdd382aa5c74", size = 919489, upload-time = "2026-05-10T18:02:31.397Z" }
wheels = [
    { url = "https://files.pythonhosted.org/packages/6b/76/b7c66ee3c66e1b0f9d894c8125983aa0c03fb2336f2fd16559f9c966157f/coverage-7.14.0-cp313-cp313-macosx_10_13_x86_64.whl", hash = "sha256:f2bbb8254370eb4c628ff3d6fa8a7f74ddc40565394d4f7ab791d1fe568e37ef", size = 219990, upload-time = "2026-05-10T18:00:38.887Z" },
    { url = "https://files.pythonhosted.org/packages/b3/af/e567cbad5ba69c013a50146dfa886dc7193361fda77521f51274ff620e1b/coverage-7.14.0-cp313-cp313-macosx_11_0_arm64.whl", hash = "sha256:23b81107f46d3f21d0cbce30664fcec0f5d9f585638a67081750f99738f6bf66", size = 220365, upload-time = "2026-05-10T18:00:40.864Z" },
    { url = "https://files.pythonhosted.org/packages/6f/5f/b5370068b2f57787454592ed7dcd1002f0f1703b7db1fa30f6a325a4ca6e/coverage-7.14.0-cp313-cp313-manylinux1_x86_64.manylinux_2_28_x86_64.manylinux_2_5_x86_64.whl", hash = "sha256:9d1aa57a1dc8e05bdc42e81c5d671d849577aeedf279f4c449d6d286f9ed88ca", size = 253961, upload-time = "2026-05-10T18:00:44.079Z" },
    { url = "https://files.pythonhosted.org/packages/37/53/20c5009477660f084e6ed60bc02a91894b8e234e617e86ecfd9aaf78e27b/coverage-7.14.0-cp313-cp313-musllinux_1_2_x86_64.whl", hash = "sha256:7b79d646cf46d5cf9a9f40281d4441df5849e445726e369006d2b117710b33fe", size = 252885, upload-time = "2026-05-10T18:00:57.967Z" },
    { url = "https://files.pythonhosted.org/packages/8f/b8/9228523e80321c2cb4880d1f589bc0171f2f71432c35118ad04dc01decce/coverage-7.14.0-cp313-cp313-win_amd64.whl", hash = "sha256:0773d8329cf32b6fd222e4b52622c61fe8d503eb966cfc8d3c3c10c96266d50e", size = 223344, upload-time = "2026-05-10T18:01:01.531Z" },
    { url = "https://files.pythonhosted.org/packages/e6/f1/a46cc0c013be170216253184a32366d7cbdb9252feaec866b05c2d12a894/coverage-7.14.0-cp313-cp313t-macosx_10_13_x86_64.whl", hash = "sha256:953f521ca9445300397e65fda3dca58b2dbd68fee983777420b57ac3c77e9f90", size = 220679, upload-time = "2026-05-10T18:01:05.058Z" },
    { url = "https://files.pythonhosted.org/packages/64/8c/9c30a3d311a34177fa432995be7fbfc64477d8bac5630bd38055b1c9b424/coverage-7.14.0-cp313-cp313t-macosx_11_0_arm64.whl", hash = "sha256:98af83fd65ae24b1fdd03aaead967a9f523bcd2f1aab2d4f3ffda65bb568a6f1", size = 221033, upload-time = "2026-05-10T18:01:07.002Z" },
    { url = "https://files.pythonhosted.org/packages/a8/e6/fbc322325c7294d3e22c1ad6b79e45d0806b25228c8e5842aed6d8169aa7/coverage-7.14.0-cp313-cp313t-manylinux1_x86_64.manylinux_2_28_x86_64.manylinux_2_5_x86_64.whl", hash = "sha256:9fbd898551762dea00d3fef2b1c4f99afd2c6a3ff952ea07d60a9bd5ed4f34bc", size = 264410, upload-time = "2026-05-10T18:01:10.531Z" },
    { url = "https://files.pythonhosted.org/packages/1a/2c/c2831889705a81dc5d1c6ca12e4d8e9b95dfc146d153488a6c0ea685d28e/coverage-7.14.0-cp313-cp313t-musllinux_1_2_x86_64.whl", hash = "sha256:827d6397dbd95144939b18f89edf31f63e1f99633e8d5f32f22ba8bdda567477", size = 263109, upload-time = "2026-05-10T18:01:25.165Z" },
    { url = "https://files.pythonhosted.org/packages/3f/bb/18e94d7b14b9b398164197114a587a04ab7c9fdbe1d237eef57311c5e883/coverage-7.14.0-cp313-cp313t-win_amd64.whl", hash = "sha256:3f5549365af25d770e06b1f8f5682d9a5637d06eb494db91c6fa75d3950cc917", size = 224272, upload-time = "2026-05-10T18:01:29.107Z" },
    { url = "https://files.pythonhosted.org/packages/61/e8/cb8e80d6f9f55b99588625062822bf946cf03ed06315df4bd8397f5632a1/coverage-7.14.0-py3-none-any.whl", hash = "sha256:8de5b61163aee3d05c8a2beab6f47913df7981dad1baf82c414d99158c286ab1", size = 211764, upload-time = "2026-05-10T18:02:29.538Z" },
]

[[package]]
name = "distlib"
version = "0.4.0"
source = { registry = "https://pypi.org/simple" }
sdist = { url = "https://files.pythonhosted.org/packages/96/8e/709914eb2b5749865801041647dc7f4e6d00b549cfe88b65ca192995f07c/distlib-0.4.0.tar.gz", hash = "sha256:feec40075be03a04501a973d81f633735b4b69f98b05450592310c0f401a4e0d", size = 614605, upload-time = "2025-07-17T16:52:00.465Z" }
wheels = [
    { url = "https://files.pythonhosted.org/packages/33/6b/e0547afaf41bf2c42e52430072fa5658766e3d65bd4b03a563d1b6336f57/distlib-0.4.0-py2.py3-none-any.whl", hash = "sha256:9659f7d87e46584a30b5780e43ac7a2143098441670ff0a49d5f9034c54a6c16", size = 469047, upload-time = "2025-07-17T16:51:58.613Z" },
]

[[package]]
name = "ecommerce-recsys-mlops"
version = "0.0.1"
source = { editable = "." }
dependencies = [
    { name = "fastapi", marker = "(platform_machine == 'arm64' and sys_platform == 'darwin') or (platform_machine == 'x86_64' and sys_platform == 'darwin') or (platform_machine == 'x86_64' and sys_platform == 'linux') or (platform_machine == 'AMD64' and sys_platform == 'win32')" },
    { name = "pydantic-settings", marker = "(platform_machine == 'arm64' and sys_platform == 'darwin') or (platform_machine == 'x86_64' and sys_platform == 'darwin') or (platform_machine == 'x86_64' and sys_platform == 'linux') or (platform_machine == 'AMD64' and sys_platform == 'win32')" },
    { name = "python-dotenv", marker = "(platform_machine == 'arm64' and sys_platform == 'darwin') or (platform_machine == 'x86_64' and sys_platform == 'darwin') or (platform_machine == 'x86_64' and sys_platform == 'linux') or (platform_machine == 'AMD64' and sys_platform == 'win32')" },
    { name = "uvicorn", marker = "(platform_machine == 'arm64' and sys_platform == 'darwin') or (platform_machine == 'x86_64' and sys_platform == 'darwin') or (platform_machine == 'x86_64' and sys_platform == 'linux') or (platform_machine == 'AMD64' and sys_platform == 'win32')" },
]

[package.dev-dependencies]
dev = [
    { name = "pre-commit", marker = "(platform_machine == 'arm64' and sys_platform == 'darwin') or (platform_machine == 'x86_64' and sys_platform == 'darwin') or (platform_machine == 'x86_64' and sys_platform == 'linux') or (platform_machine == 'AMD64' and sys_platform == 'win32')" },
    { name = "pytest", marker = "(platform_machine == 'arm64' and sys_platform == 'darwin') or (platform_machine == 'x86_64' and sys_platform == 'darwin') or (platform_machine == 'x86_64' and sys_platform == 'linux') or (platform_machine == 'AMD64' and sys_platform == 'win32')" },
    { name = "pytest-cov", marker = "(platform_machine == 'arm64' and sys_platform == 'darwin') or (platform_machine == 'x86_64' and sys_platform == 'darwin') or (platform_machine == 'x86_64' and sys_platform == 'linux') or (platform_machine == 'AMD64' and sys_platform == 'win32')" },
    { name = "ruff", marker = "(platform_machine == 'arm64' and sys_platform == 'darwin') or (platform_machine == 'x86_64' and sys_platform == 'darwin') or (platform_machine == 'x86_64' and sys_platform == 'linux') or (platform_machine == 'AMD64' and sys_platform == 'win32')" },
]

[package.metadata]
requires-dist = [
    { name = "fastapi", specifier = ">=0.136.1" },
    { name = "pydantic-settings", specifier = ">=2.14.1" },
    { name = "python-dotenv" },
    { name = "uvicorn", specifier = ">=0.47.0" },
]

[package.metadata.requires-dev]
dev = [
    { name = "pre-commit", specifier = ">=4.6.0" },
    { name = "pytest", specifier = ">=8.0.0" },
    { name = "pytest-cov", specifier = ">=6.0.0" },
    { name = "ruff", specifier = ">=0.11.0" },
]

[[package]]
name = "fastapi"
version = "0.136.1"
source = { registry = "https://pypi.org/simple" }
dependencies = [
    { name = "annotated-doc", marker = "(platform_machine == 'arm64' and sys_platform == 'darwin') or (platform_machine == 'x86_64' and sys_platform == 'darwin') or (platform_machine == 'x86_64' and sys_platform == 'linux') or (platform_machine == 'AMD64' and sys_platform == 'win32')" },
    { name = "pydantic", marker = "(platform_machine == 'arm64' and sys_platform == 'darwin') or (platform_machine == 'x86_64' and sys_platform == 'darwin') or (platform_machine == 'x86_64' and sys_platform == 'linux') or (platform_machine == 'AMD64' and sys_platform == 'win32')" },
    { name = "starlette", marker = "(platform_machine == 'arm64' and sys_platform == 'darwin') or (platform_machine == 'x86_64' and sys_platform == 'darwin') or (platform_machine == 'x86_64' and sys_platform == 'linux') or (platform_machine == 'AMD64' and sys_platform == 'win32')" },
    { name = "typing-extensions", marker = "(platform_machine == 'arm64' and sys_platform == 'darwin') or (platform_machine == 'x86_64' and sys_platform == 'darwin') or (platform_machine == 'x86_64' and sys_platform == 'linux') or (platform_machine == 'AMD64' and sys_platform == 'win32')" },
    { name = "typing-inspection", marker = "(platform_machine == 'arm64' and sys_platform == 'darwin') or (platform_machine == 'x86_64' and sys_platform == 'darwin') or (platform_machine == 'x86_64' and sys_platform == 'linux') or (platform_machine == 'AMD64' and sys_platform == 'win32')" },
]
sdist = { url = "https://files.pythonhosted.org/packages/5d/45/c130091c2dfa061bbfe3150f2a5091ef1adf149f2a8d2ae769ecaf6e99a2/fastapi-0.136.1.tar.gz", hash = "sha256:7af665ad7acfa0a3baf8983d393b6b471b9da10ede59c60045f49fbc89a0fa7f", size = 397448, upload-time = "2026-04-23T16:49:44.046Z" }
wheels = [
    { url = "https://files.pythonhosted.org/packages/5a/ff/2e4eca3ade2c22fe1dea7043b8ee9dabe47753349eb1b56a202de8af6349/fastapi-0.136.1-py3-none-any.whl", hash = "sha256:a6e9d7eeada96c93a4d69cb03836b44fa34e2854accb7244a1ece36cd4781c3f", size = 117683, upload-time = "2026-04-23T16:49:42.437Z" },
]

[[package]]
name = "filelock"
version = "3.29.0"
source = { registry = "https://pypi.org/simple" }
sdist = { url = "https://files.pythonhosted.org/packages/b5/fe/997687a931ab51049acce6fa1f23e8f01216374ea81374ddee763c493db5/filelock-3.29.0.tar.gz", hash = "sha256:69974355e960702e789734cb4871f884ea6fe50bd8404051a3530bc07809cf90", size = 57571, upload-time = "2026-04-19T15:39:10.068Z" }
wheels = [
    { url = "https://files.pythonhosted.org/packages/81/47/dd9a212ef6e343a6857485ffe25bba537304f1913bdbed446a23f7f592e1/filelock-3.29.0-py3-none-any.whl", hash = "sha256:96f5f6344709aa1572bbf631c640e4ebeeb519e08da902c39a001882f30ac258", size = 39812, upload-time = "2026-04-19T15:39:08.752Z" },
]

[[package]]
name = "h11"
version = "0.16.0"
source = { registry = "https://pypi.org/simple" }
sdist = { url = "https://files.pythonhosted.org/packages/01/ee/02a2c011bdab74c6fb3c75474d40b3052059d95df7e73351460c8588d963/h11-0.16.0.tar.gz", hash = "sha256:4e35b956cf45792e4caa5885e69fba00bdbc6ffafbfa020300e549b208ee5ff1", size = 101250, upload-time = "2025-04-24T03:35:25.427Z" }
wheels = [
    { url = "https://files.pythonhosted.org/packages/04/4b/29cac41a4d98d144bf5f6d33995617b185d14b22401f75ca86f384e87ff1/h11-0.16.0-py3-none-any.whl", hash = "sha256:63cf8bbe7522de3bf65932fda1d9c2772064ffb3dae62d55932da54b31cb6c86", size = 37515, upload-time = "2025-04-24T03:35:24.344Z" },
]

[[package]]
name = "identify"
version = "2.6.19"
source = { registry = "https://pypi.org/simple" }
sdist = { url = "https://files.pythonhosted.org/packages/52/63/51723b5f116cc04b061cb6f5a561790abf249d25931d515cd375e063e0f4/identify-2.6.19.tar.gz", hash = "sha256:6be5020c38fcb07da56c53733538a3081ea5aa70d36a156f83044bfbf9173842", size = 99567, upload-time = "2026-04-17T18:39:50.265Z" }
wheels = [
    { url = "https://files.pythonhosted.org/packages/94/84/d9273cd09688070a6523c4aee4663a8538721b2b755c4962aafae0011e72/identify-2.6.19-py2.py3-none-any.whl", hash = "sha256:20e6a87f786f768c092a721ad107fc9df0eb89347be9396cadf3f4abbd1fb78a", size = 99397, upload-time = "2026-04-17T18:39:49.221Z" },
]

[[package]]
name = "idna"
version = "3.15"
source = { registry = "https://pypi.org/simple" }
sdist = { url = "https://files.pythonhosted.org/packages/82/77/7b3966d0b9d1d31a36ddf1746926a11dface89a83409bf1483f0237aa758/idna-3.15.tar.gz", hash = "sha256:ca962446ea538f7092a95e057da437618e886f4d349216d2b1e294abfdb65fdc", size = 199245, upload-time = "2026-05-12T22:45:57.011Z" }
wheels = [
    { url = "https://files.pythonhosted.org/packages/d2/23/408243171aa9aaba178d3e2559159c24c1171a641aa83b67bdd3394ead8e/idna-3.15-py3-none-any.whl", hash = "sha256:048adeaf8c2d788c40fee287673ccaa74c24ffd8dcf09ffa555a2fbb59f10ac8", size = 72340, upload-time = "2026-05-12T22:45:55.733Z" },
]

[[package]]
name = "iniconfig"
version = "2.3.0"
source = { registry = "https://pypi.org/simple" }
sdist = { url = "https://files.pythonhosted.org/packages/72/34/14ca021ce8e5dfedc35312d08ba8bf51fdd999c576889fc2c24cb97f4f10/iniconfig-2.3.0.tar.gz", hash = "sha256:c76315c77db068650d49c5b56314774a7804df16fee4402c1f19d6d15d8c4730", size = 20503, upload-time = "2025-10-18T21:55:43.219Z" }
wheels = [
    { url = "https://files.pythonhosted.org/packages/cb/b1/3846dd7f199d53cb17f49cba7e651e9ce294d8497c8c150530ed11865bb8/iniconfig-2.3.0-py3-none-any.whl", hash = "sha256:f631c04d2c48c52b84d0d0549c99ff3859c98df65b3101406327ecc7d53fbf12", size = 7484, upload-time = "2025-10-18T21:55:41.639Z" },
]

[[package]]
name = "nodeenv"
version = "1.10.0"
source = { registry = "https://pypi.org/simple" }
sdist = { url = "https://files.pythonhosted.org/packages/24/bf/d1bda4f6168e0b2e9e5958945e01910052158313224ada5ce1fb2e1113b8/nodeenv-1.10.0.tar.gz", hash = "sha256:996c191ad80897d076bdfba80a41994c2b47c68e224c542b48feba42ba00f8bb", size = 55611, upload-time = "2025-12-20T14:08:54.006Z" }
wheels = [
    { url = "https://files.pythonhosted.org/packages/88/b2/d0896bdcdc8d28a7fc5717c305f1a861c26e18c05047949fb371034d98bd/nodeenv-1.10.0-py2.py3-none-any.whl", hash = "sha256:5bb13e3eed2923615535339b3c620e76779af4cb4c6a90deccc9e36b274d3827", size = 23438, upload-time = "2025-12-20T14:08:52.782Z" },
]

[[package]]
name = "packaging"
version = "26.2"
source = { registry = "https://pypi.org/simple" }
sdist = { url = "https://files.pythonhosted.org/packages/d7/f1/e7a6dd94a8d4a5626c03e4e99c87f241ba9e350cd9e6d75123f992427270/packaging-26.2.tar.gz", hash = "sha256:ff452ff5a3e828ce110190feff1178bb1f2ea2281fa2075aadb987c2fb221661", size = 228134, upload-time = "2026-04-24T20:15:23.917Z" }
wheels = [
    { url = "https://files.pythonhosted.org/packages/df/b2/87e62e8c3e2f4b32e5fe99e0b86d576da1312593b39f47d8ceef365e95ed/packaging-26.2-py3-none-any.whl", hash = "sha256:5fc45236b9446107ff2415ce77c807cee2862cb6fac22b8a73826d0693b0980e", size = 100195, upload-time = "2026-04-24T20:15:22.081Z" },
]

[[package]]
name = "platformdirs"
version = "4.9.6"
source = { registry = "https://pypi.org/simple" }
sdist = { url = "https://files.pythonhosted.org/packages/9f/4a/0883b8e3802965322523f0b200ecf33d31f10991d0401162f4b23c698b42/platformdirs-4.9.6.tar.gz", hash = "sha256:3bfa75b0ad0db84096ae777218481852c0ebc6c727b3168c1b9e0118e458cf0a", size = 29400, upload-time = "2026-04-09T00:04:10.812Z" }
wheels = [
    { url = "https://files.pythonhosted.org/packages/75/a6/a0a304dc33b49145b21f4808d763822111e67d1c3a32b524a1baf947b6e1/platformdirs-4.9.6-py3-none-any.whl", hash = "sha256:e61adb1d5e5cb3441b4b7710bea7e4c12250ca49439228cc1021c00dcfac0917", size = 21348, upload-time = "2026-04-09T00:04:09.463Z" },
]

[[package]]
name = "pluggy"
version = "1.6.0"
source = { registry = "https://pypi.org/simple" }
sdist = { url = "https://files.pythonhosted.org/packages/f9/e2/3e91f31a7d2b083fe6ef3fa267035b518369d9511ffab804f839851d2779/pluggy-1.6.0.tar.gz", hash = "sha256:7dcc130b76258d33b90f61b658791dede3486c3e6bfb003ee5c9bfb396dd22f3", size = 69412, upload-time = "2025-05-15T12:30:07.975Z" }
wheels = [
    { url = "https://files.pythonhosted.org/packages/54/20/4d324d65cc6d9205fabedc306948156824eb9f0ee1633355a8f7ec5c66bf/pluggy-1.6.0-py3-none-any.whl", hash = "sha256:e920276dd6813095e9377c0bc5566d94c932c33b27a3e3945d8389c374dd4746", size = 20538, upload-time = "2025-05-15T12:30:06.134Z" },
]

[[package]]
name = "pre-commit"
version = "4.6.0"
source = { registry = "https://pypi.org/simple" }
dependencies = [
    { name = "cfgv", marker = "(platform_machine == 'arm64' and sys_platform == 'darwin') or (platform_machine == 'x86_64' and sys_platform == 'darwin') or (platform_machine == 'x86_64' and sys_platform == 'linux') or (platform_machine == 'AMD64' and sys_platform == 'win32')" },
    { name = "identify", marker = "(platform_machine == 'arm64' and sys_platform == 'darwin') or (platform_machine == 'x86_64' and sys_platform == 'darwin') or (platform_machine == 'x86_64' and sys_platform == 'linux') or (platform_machine == 'AMD64' and sys_platform == 'win32')" },
    { name = "nodeenv", marker = "(platform_machine == 'arm64' and sys_platform == 'darwin') or (platform_machine == 'x86_64' and sys_platform == 'darwin') or (platform_machine == 'x86_64' and sys_platform == 'linux') or (platform_machine == 'AMD64' and sys_platform == 'win32')" },
    { name = "pyyaml", marker = "(platform_machine == 'arm64' and sys_platform == 'darwin') or (platform_machine == 'x86_64' and sys_platform == 'darwin') or (platform_machine == 'x86_64' and sys_platform == 'linux') or (platform_machine == 'AMD64' and sys_platform == 'win32')" },
    { name = "virtualenv", marker = "(platform_machine == 'arm64' and sys_platform == 'darwin') or (platform_machine == 'x86_64' and sys_platform == 'darwin') or (platform_machine == 'x86_64' and sys_platform == 'linux') or (platform_machine == 'AMD64' and sys_platform == 'win32')" },
]
sdist = { url = "https://files.pythonhosted.org/packages/8e/22/2de9408ac81acbb8a7d05d4cc064a152ccf33b3d480ebe0cd292153db239/pre_commit-4.6.0.tar.gz", hash = "sha256:718d2208cef53fdc38206e40524a6d4d9576d103eb16f0fec11c875e7716e9d9", size = 198525, upload-time = "2026-04-21T20:31:41.613Z" }
wheels = [
    { url = "https://files.pythonhosted.org/packages/80/6e/4b28b62ecb6aae56769c34a8ff1d661473ec1e9519e2d5f8b2c150086b26/pre_commit-4.6.0-py2.py3-none-any.whl", hash = "sha256:e2cf246f7299edcabcf15f9b0571fdce06058527f0a06535068a86d38089f29b", size = 226472, upload-time = "2026-04-21T20:31:40.092Z" },
]

[[package]]
name = "pydantic"
version = "2.13.4"
source = { registry = "https://pypi.org/simple" }
dependencies = [
    { name = "annotated-types", marker = "(platform_machine == 'arm64' and sys_platform == 'darwin') or (platform_machine == 'x86_64' and sys_platform == 'darwin') or (platform_machine == 'x86_64' and sys_platform == 'linux') or (platform_machine == 'AMD64' and sys_platform == 'win32')" },
    { name = "pydantic-core", marker = "(platform_machine == 'arm64' and sys_platform == 'darwin') or (platform_machine == 'x86_64' and sys_platform == 'darwin') or (platform_machine == 'x86_64' and sys_platform == 'linux') or (platform_machine == 'AMD64' and sys_platform == 'win32')" },
    { name = "typing-extensions", marker = "(platform_machine == 'arm64' and sys_platform == 'darwin') or (platform_machine == 'x86_64' and sys_platform == 'darwin') or (platform_machine == 'x86_64' and sys_platform == 'linux') or (platform_machine == 'AMD64' and sys_platform == 'win32')" },
    { name = "typing-inspection", marker = "(platform_machine == 'arm64' and sys_platform == 'darwin') or (platform_machine == 'x86_64' and sys_platform == 'darwin') or (platform_machine == 'x86_64' and sys_platform == 'linux') or (platform_machine == 'AMD64' and sys_platform == 'win32')" },
]
sdist = { url = "https://files.pythonhosted.org/packages/18/a5/b60d21ac674192f8ab0ba4e9fd860690f9b4a6e51ca5df118733b487d8d6/pydantic-2.13.4.tar.gz", hash = "sha256:c40756b57adaa8b1efeeced5c196f3f3b7c435f90e84ea7f443901bec8099ef6", size = 844775, upload-time = "2026-05-06T13:43:05.343Z" }
wheels = [
    { url = "https://files.pythonhosted.org/packages/fd/7b/122376b1fd3c62c1ed9dc80c931ace4844b3c55407b6fb2d199377c9736f/pydantic-2.13.4-py3-none-any.whl", hash = "sha256:45a282cde31d808236fd7ea9d919b128653c8b38b393d1c4ab335c62924d9aba", size = 472262, upload-time = "2026-05-06T13:43:02.641Z" },
]

[[package]]
name = "pydantic-core"
version = "2.46.4"
source = { registry = "https://pypi.org/simple" }
dependencies = [
    { name = "typing-extensions", marker = "(platform_machine == 'arm64' and sys_platform == 'darwin') or (platform_machine == 'x86_64' and sys_platform == 'darwin') or (platform_machine == 'x86_64' and sys_platform == 'linux') or (platform_machine == 'AMD64' and sys_platform == 'win32')" },
]
sdist = { url = "https://files.pythonhosted.org/packages/9d/56/921726b776ace8d8f5db44c4ef961006580d91dc52b803c489fafd1aa249/pydantic_core-2.46.4.tar.gz", hash = "sha256:62f875393d7f270851f20523dd2e29f082bcc82292d66db2b64ea71f64b6e1c1", size = 471464, upload-time = "2026-05-06T13:37:06.98Z" }
wheels = [
    { url = "https://files.pythonhosted.org/packages/51/a2/5d30b469c5267a17b39dec53208222f76a8d351dfac4af661888c5aee77d/pydantic_core-2.46.4-cp313-cp313-macosx_10_12_x86_64.whl", hash = "sha256:5d5902252db0d3cedf8d4a1bc68f70eeb430f7e4c7104c8c476753519b423008", size = 2106306, upload-time = "2026-05-06T13:37:48.029Z" },
    { url = "https://files.pythonhosted.org/packages/c1/81/4fa520eaffa8bd7d1525e644cd6d39e7d60b1592bc5b516693c7340b50f1/pydantic_core-2.46.4-cp313-cp313-macosx_11_0_arm64.whl", hash = "sha256:c94f0688e7b8d0a67abf40e57a7eaaecd17cc9586706a31b76c031f63df052b4", size = 1951906, upload-time = "2026-05-06T13:37:17.012Z" },
    { url = "https://files.pythonhosted.org/packages/07/f8/41db9de19d7987d6b04715a02b3b40aea467000275d9d758ffaa31af7d50/pydantic_core-2.46.4-cp313-cp313-manylinux_2_17_x86_64.manylinux2014_x86_64.whl", hash = "sha256:9551187363ffc0de2a00b2e47c25aeaeb1020b69b668762966df15fc5659dd5a", size = 2094467, upload-time = "2026-05-06T13:39:18.847Z" },
    { url = "https://files.pythonhosted.org/packages/c2/eb/4f6c8a41efa30baa755590f4141abf3a8c370fab610915733e74134a7270/pydantic_core-2.46.4-cp313-cp313-musllinux_1_1_x86_64.whl", hash = "sha256:82cf5301172168103724d49a1444d3378cb20cdee30b116a1bd6031236298a5d", size = 2372986, upload-time = "2026-05-06T13:39:34.152Z" },
    { url = "https://files.pythonhosted.org/packages/7e/e8/cff247591966f2d22ec8c003cd7587e27b7ba7b81ab2fb888e3ab75dc285/pydantic_core-2.46.4-cp313-cp313-win_amd64.whl", hash = "sha256:6b3ace8194b0e5204818c92802dcdca7fc6d88aabbb799d7c795540d9cd6d292", size = 2071819, upload-time = "2026-05-06T13:38:49.139Z" },
]

[[package]]
name = "pydantic-settings"
version = "2.14.1"
source = { registry = "https://pypi.org/simple" }
dependencies = [
    { name = "pydantic", marker = "(platform_machine == 'arm64' and sys_platform == 'darwin') or (platform_machine == 'x86_64' and sys_platform == 'darwin') or (platform_machine == 'x86_64' and sys_platform == 'linux') or (platform_machine == 'AMD64' and sys_platform == 'win32')" },
    { name = "python-dotenv", marker = "(platform_machine == 'arm64' and sys_platform == 'darwin') or (platform_machine == 'x86_64' and sys_platform == 'darwin') or (platform_machine == 'x86_64' and sys_platform == 'linux') or (platform_machine == 'AMD64' and sys_platform == 'win32')" },
    { name = "typing-inspection", marker = "(platform_machine == 'arm64' and sys_platform == 'darwin') or (platform_machine == 'x86_64' and sys_platform == 'darwin') or (platform_machine == 'x86_64' and sys_platform == 'linux') or (platform_machine == 'AMD64' and sys_platform == 'win32')" },
]
sdist = { url = "https://files.pythonhosted.org/packages/07/60/1d1e59c9c90d54591469ada7d268251f71c24bdb765f1a8a832cee8c6653/pydantic_settings-2.14.1.tar.gz", hash = "sha256:e874d3bec7e787b0c9958277956ed9b4dd5de6a80e162188fdaff7c5e26fd5fa", size = 235551, upload-time = "2026-05-08T13:40:06.542Z" }
wheels = [
    { url = "https://files.pythonhosted.org/packages/ae/8d/f1af3832f5e6eb13ba94ee809e72b8ecb5eef226d27ee0bef7d963d943c7/pydantic_settings-2.14.1-py3-none-any.whl", hash = "sha256:6e3c7edfd8277687cdc598f56e5cff0e9bfff0910a3749deaa8d4401c3a2b9de", size = 60964, upload-time = "2026-05-08T13:40:04.958Z" },
]

[[package]]
name = "pygments"
version = "2.20.0"
source = { registry = "https://pypi.org/simple" }
sdist = { url = "https://files.pythonhosted.org/packages/c3/b2/bc9c9196916376152d655522fdcebac55e66de6603a76a02bca1b6414f6c/pygments-2.20.0.tar.gz", hash = "sha256:6757cd03768053ff99f3039c1a36d6c0aa0b263438fcab17520b30a303a82b5f", size = 4955991, upload-time = "2026-03-29T13:29:33.898Z" }
wheels = [
    { url = "https://files.pythonhosted.org/packages/f4/7e/a72dd26f3b0f4f2bf1dd8923c85f7ceb43172af56d63c7383eb62b332364/pygments-2.20.0-py3-none-any.whl", hash = "sha256:81a9e26dd42fd28a23a2d169d86d7ac03b46e2f8b59ed4698fb4785f946d0176", size = 1231151, upload-time = "2026-03-29T13:29:30.038Z" },
]

[[package]]
name = "pytest"
version = "9.0.3"
source = { registry = "https://pypi.org/simple" }
dependencies = [
    { name = "colorama", marker = "platform_machine == 'AMD64' and sys_platform == 'win32'" },
    { name = "iniconfig", marker = "(platform_machine == 'arm64' and sys_platform == 'darwin') or (platform_machine == 'x86_64' and sys_platform == 'darwin') or (platform_machine == 'x86_64' and sys_platform == 'linux') or (platform_machine == 'AMD64' and sys_platform == 'win32')" },
    { name = "packaging", marker = "(platform_machine == 'arm64' and sys_platform == 'darwin') or (platform_machine == 'x86_64' and sys_platform == 'darwin') or (platform_machine == 'x86_64' and sys_platform == 'linux') or (platform_machine == 'AMD64' and sys_platform == 'win32')" },
    { name = "pluggy", marker = "(platform_machine == 'arm64' and sys_platform == 'darwin') or (platform_machine == 'x86_64' and sys_platform == 'darwin') or (platform_machine == 'x86_64' and sys_platform == 'linux') or (platform_machine == 'AMD64' and sys_platform == 'win32')" },
    { name = "pygments", marker = "(platform_machine == 'arm64' and sys_platform == 'darwin') or (platform_machine == 'x86_64' and sys_platform == 'darwin') or (platform_machine == 'x86_64' and sys_platform == 'linux') or (platform_machine == 'AMD64' and sys_platform == 'win32')" },
]
sdist = { url = "https://files.pythonhosted.org/packages/7d/0d/549bd94f1a0a402dc8cf64563a117c0f3765662e2e668477624baeec44d5/pytest-9.0.3.tar.gz", hash = "sha256:b86ada508af81d19edeb213c681b1d48246c1a91d304c6c81a427674c17eb91c", size = 1572165, upload-time = "2026-04-07T17:16:18.027Z" }
wheels = [
    { url = "https://files.pythonhosted.org/packages/d4/24/a372aaf5c9b7208e7112038812994107bc65a84cd00e0354a88c2c77a617/pytest-9.0.3-py3-none-any.whl", hash = "sha256:2c5efc453d45394fdd706ade797c0a81091eccd1d6e4bccfcd476e2b8e0ab5d9", size = 375249, upload-time = "2026-04-07T17:16:16.13Z" },
]

[[package]]
name = "pytest-cov"
version = "7.1.0"
source = { registry = "https://pypi.org/simple" }
dependencies = [
    { name = "coverage", marker = "(platform_machine == 'arm64' and sys_platform == 'darwin') or (platform_machine == 'x86_64' and sys_platform == 'darwin') or (platform_machine == 'x86_64' and sys_platform == 'linux') or (platform_machine == 'AMD64' and sys_platform == 'win32')" },
    { name = "pluggy", marker = "(platform_machine == 'arm64' and sys_platform == 'darwin') or (platform_machine == 'x86_64' and sys_platform == 'darwin') or (platform_machine == 'x86_64' and sys_platform == 'linux') or (platform_machine == 'AMD64' and sys_platform == 'win32')" },
    { name = "pytest", marker = "(platform_machine == 'arm64' and sys_platform == 'darwin') or (platform_machine == 'x86_64' and sys_platform == 'darwin') or (platform_machine == 'x86_64' and sys_platform == 'linux') or (platform_machine == 'AMD64' and sys_platform == 'win32')" },
]
sdist = { url = "https://files.pythonhosted.org/packages/b1/51/a849f96e117386044471c8ec2bd6cfebacda285da9525c9106aeb28da671/pytest_cov-7.1.0.tar.gz", hash = "sha256:30674f2b5f6351aa09702a9c8c364f6a01c27aae0c1366ae8016160d1efc56b2", size = 55592, upload-time = "2026-03-21T20:11:16.284Z" }
wheels = [
    { url = "https://files.pythonhosted.org/packages/9d/7a/d968e294073affff457b041c2be9868a40c1c71f4a35fcc1e45e5493067b/pytest_cov-7.1.0-py3-none-any.whl", hash = "sha256:a0461110b7865f9a271aa1b51e516c9a95de9d696734a2f71e3e78f46e1d4678", size = 22876, upload-time = "2026-03-21T20:11:14.438Z" },
]

[[package]]
name = "python-discovery"
version = "1.3.1"
source = { registry = "https://pypi.org/simple" }
dependencies = [
    { name = "filelock", marker = "(platform_machine == 'arm64' and sys_platform == 'darwin') or (platform_machine == 'x86_64' and sys_platform == 'darwin') or (platform_machine == 'x86_64' and sys_platform == 'linux') or (platform_machine == 'AMD64' and sys_platform == 'win32')" },
    { name = "platformdirs", marker = "(platform_machine == 'arm64' and sys_platform == 'darwin') or (platform_machine == 'x86_64' and sys_platform == 'darwin') or (platform_machine == 'x86_64' and sys_platform == 'linux') or (platform_machine == 'AMD64' and sys_platform == 'win32')" },
]
sdist = { url = "https://files.pythonhosted.org/packages/48/60/e88788207d81e46362cfbef0d4aaf4c0f49efc3c12d4c3fa3f542c34ebec/python_discovery-1.3.1.tar.gz", hash = "sha256:62f6db28064c9613e7ca76cb3f00c38c839a07c31c00dfe7ed0986493d2150a6", size = 68011, upload-time = "2026-05-12T20:53:36.336Z" }
wheels = [
    { url = "https://files.pythonhosted.org/packages/b7/6f/a05a317a66fee0aad270011461f1a63a453ed12471249f172f7d2e2bc7b4/python_discovery-1.3.1-py3-none-any.whl", hash = "sha256:ed188687ebb3b82c01a17cd5ac62fc94d9f6487a7f1a0f9dfe89753fec91039c", size = 33185, upload-time = "2026-05-12T20:53:34.969Z" },
]

[[package]]
name = "python-dotenv"
version = "1.2.2"
source = { registry = "https://pypi.org/simple" }
sdist = { url = "https://files.pythonhosted.org/packages/82/ed/0301aeeac3e5353ef3d94b6ec08bbcabd04a72018415dcb29e588514bba8/python_dotenv-1.2.2.tar.gz", hash = "sha256:2c371a91fbd7ba082c2c1dc1f8bf89ca22564a087c2c287cd9b662adde799cf3", size = 50135, upload-time = "2026-03-01T16:00:26.196Z" }
wheels = [
    { url = "https://files.pythonhosted.org/packages/0b/d7/1959b9648791274998a9c3526f6d0ec8fd2233e4d4acce81bbae76b44b2a/python_dotenv-1.2.2-py3-none-any.whl", hash = "sha256:1d8214789a24de455a8b8bd8ae6fe3c6b69a5e3d64aa8a8e5d68e694bbcb285a", size = 22101, upload-time = "2026-03-01T16:00:25.09Z" },
]

[[package]]
name = "pyyaml"
version = "6.0.3"
source = { registry = "https://pypi.org/simple" }
sdist = { url = "https://files.pythonhosted.org/packages/05/8e/961c0007c59b8dd7729d542c61a4d537767a59645b82a0b521206e1e25c2/pyyaml-6.0.3.tar.gz", hash = "sha256:d76623373421df22fb4cf8817020cbb7ef15c725b9d5e45f17e189bfc384190f", size = 130960, upload-time = "2025-09-25T21:33:16.546Z" }
wheels = [
    { url = "https://files.pythonhosted.org/packages/d1/11/0fd08f8192109f7169db964b5707a2f1e8b745d4e239b784a5a1dd80d1db/pyyaml-6.0.3-cp313-cp313-macosx_10_13_x86_64.whl", hash = "sha256:8da9669d359f02c0b91ccc01cac4a67f16afec0dac22c2ad09f46bee0697eba8", size = 181669, upload-time = "2025-09-25T21:32:23.673Z" },
    { url = "https://files.pythonhosted.org/packages/b1/16/95309993f1d3748cd644e02e38b75d50cbc0d9561d21f390a76242ce073f/pyyaml-6.0.3-cp313-cp313-macosx_11_0_arm64.whl", hash = "sha256:2283a07e2c21a2aa78d9c4442724ec1eb15f5e42a723b99cb3d822d48f5f7ad1", size = 173252, upload-time = "2025-09-25T21:32:25.149Z" },
    { url = "https://files.pythonhosted.org/packages/74/27/e5b8f34d02d9995b80abcef563ea1f8b56d20134d8f4e5e81733b1feceb2/pyyaml-6.0.3-cp313-cp313-manylinux2014_x86_64.manylinux_2_17_x86_64.manylinux_2_28_x86_64.whl", hash = "sha256:0f29edc409a6392443abf94b9cf89ce99889a1dd5376d94316ae5145dfedd5d6", size = 801626, upload-time = "2025-09-25T21:32:28.878Z" },
    { url = "https://files.pythonhosted.org/packages/3d/e0/7966e1a7bfc0a45bf0a7fb6b98ea03fc9b8d84fa7f2229e9659680b69ee3/pyyaml-6.0.3-cp313-cp313-musllinux_1_2_x86_64.whl", hash = "sha256:eda16858a3cab07b80edaf74336ece1f986ba330fdb8ee0d6c0d68fe82bc96be", size = 794115, upload-time = "2025-09-25T21:32:31.353Z" },
    { url = "https://files.pythonhosted.org/packages/97/c9/39d5b874e8b28845e4ec2202b5da735d0199dbe5b8fb85f91398814a9a46/pyyaml-6.0.3-cp313-cp313-win_amd64.whl", hash = "sha256:79005a0d97d5ddabfeeea4cf676af11e647e41d81c9a7722a193022accdb6b7c", size = 154090, upload-time = "2025-09-25T21:32:33.659Z" },
]

[[package]]
name = "ruff"
version = "0.15.13"
source = { registry = "https://pypi.org/simple" }
sdist = { url = "https://files.pythonhosted.org/packages/24/21/a7d5c126d5b557715ef81098f3db2fe20f622a039ff2e626af28d674ab80/ruff-0.15.13.tar.gz", hash = "sha256:f9d89f17f7ba7fb2ed42921f0df75da797a9a5d71bc39049e2c687cf2baf44b7", size = 4678180, upload-time = "2026-05-14T13:44:37.869Z" }
wheels = [
    { url = "https://files.pythonhosted.org/packages/86/ca/caa871ee7be718c45256fada4e16a218ee3e33f0c4a46b729a60a24912e6/ruff-0.15.13-py3-none-macosx_10_12_x86_64.whl", hash = "sha256:6590d009e7cb7ebf36f83dbdd44a3fa48a0994ff6f1cdc1b08006abe58f98dc7", size = 11124798, upload-time = "2026-05-14T13:44:06.427Z" },
    { url = "https://files.pythonhosted.org/packages/d3/19/43f5f2e568dddde567fc41f8471f9432c09563e19d3e617a48cfa52f8f0a/ruff-0.15.13-py3-none-macosx_11_0_arm64.whl", hash = "sha256:1c26d2f66163deeb6e08d8b39fbbe983ce3c71cea06a6d7591cfd1421793c629", size = 10460761, upload-time = "2026-05-14T13:44:04.375Z" },
    { url = "https://files.pythonhosted.org/packages/e8/31/bf1a0803d077e679cfeee5f2f67290a0fa79c7385b5d9a8c17b9db2c48f0/ruff-0.15.13-py3-none-manylinux_2_17_x86_64.manylinux2014_x86_64.whl", hash = "sha256:cc411dfebe5eebe55ce041c6ae080eb7668955e866daa2fbb16692a784f1c4ca", size = 11434486, upload-time = "2026-05-14T13:44:27.761Z" },
    { url = "https://files.pythonhosted.org/packages/c2/13/070fb048c24080fba188f66371e2a92785be257ad02242066dc7255ac6e9/ruff-0.15.13-py3-none-musllinux_1_2_x86_64.whl", hash = "sha256:f345a13937bd7f09f6f5d19fa0721b0c103e00e7f62bc67089a8e5e037719e0b", size = 11528133, upload-time = "2026-05-14T13:44:22.808Z" },
    { url = "https://files.pythonhosted.org/packages/ab/a6/870a3e8a50590bb92be184ad928c2922f088b00d9dc5c5ec7b924ee08c22/ruff-0.15.13-py3-none-win_amd64.whl", hash = "sha256:7064884d442b7d477b4e7473d12da7f08851d2b1982763c5d3f388a19468a1a4", size = 11900409, upload-time = "2026-05-14T13:44:30.389Z" },
]

[[package]]
name = "starlette"
version = "1.0.0"
source = { registry = "https://pypi.org/simple" }
dependencies = [
    { name = "anyio", marker = "(platform_machine == 'arm64' and sys_platform == 'darwin') or (platform_machine == 'x86_64' and sys_platform == 'darwin') or (platform_machine == 'x86_64' and sys_platform == 'linux') or (platform_machine == 'AMD64' and sys_platform == 'win32')" },
]
sdist = { url = "https://files.pythonhosted.org/packages/81/69/17425771797c36cded50b7fe44e850315d039f28b15901ab44839e70b593/starlette-1.0.0.tar.gz", hash = "sha256:6a4beaf1f81bb472fd19ea9b918b50dc3a77a6f2e190a12954b25e6ed5eea149", size = 2655289, upload-time = "2026-03-22T18:29:46.779Z" }
wheels = [
    { url = "https://files.pythonhosted.org/packages/0b/c9/584bc9651441b4ba60cc4d557d8a547b5aff901af35bda3a4ee30c819b82/starlette-1.0.0-py3-none-any.whl", hash = "sha256:d3ec55e0bb321692d275455ddfd3df75fff145d009685eb40dc91fc66b03d38b", size = 72651, upload-time = "2026-03-22T18:29:45.111Z" },
]

[[package]]
name = "typing-extensions"
version = "4.15.0"
source = { registry = "https://pypi.org/simple" }
sdist = { url = "https://files.pythonhosted.org/packages/72/94/1a15dd82efb362ac84269196e94cf00f187f7ed21c242792a923cdb1c61f/typing_extensions-4.15.0.tar.gz", hash = "sha256:0cea48d173cc12fa28ecabc3b837ea3cf6f38c6d1136f85cbaaf598984861466", size = 109391, upload-time = "2025-08-25T13:49:26.313Z" }
wheels = [
    { url = "https://files.pythonhosted.org/packages/18/67/36e9267722cc04a6b9f15c7f3441c2363321a3ea07da7ae0c0707beb2a9c/typing_extensions-4.15.0-py3-none-any.whl", hash = "sha256:f0fa19c6845758ab08074a0cfa8b7aecb71c999ca73d62883bc25cc018c4e548", size = 44614, upload-time = "2025-08-25T13:49:24.86Z" },
]

[[package]]
name = "typing-inspection"
version = "0.4.2"
source = { registry = "https://pypi.org/simple" }
dependencies = [
    { name = "typing-extensions", marker = "(platform_machine == 'arm64' and sys_platform == 'darwin') or (platform_machine == 'x86_64' and sys_platform == 'darwin') or (platform_machine == 'x86_64' and sys_platform == 'linux') or (platform_machine == 'AMD64' and sys_platform == 'win32')" },
]
sdist = { url = "https://files.pythonhosted.org/packages/55/e3/70399cb7dd41c10ac53367ae42139cf4b1ca5f36bb3dc6c9d33acdb43655/typing_inspection-0.4.2.tar.gz", hash = "sha256:ba561c48a67c5958007083d386c3295464928b01faa735ab8547c5692e87f464", size = 75949, upload-time = "2025-10-01T02:14:41.687Z" }
wheels = [
    { url = "https://files.pythonhosted.org/packages/dc/9b/47798a6c91d8bdb567fe2698fe81e0c6b7cb7ef4d13da4114b41d239f65d/typing_inspection-0.4.2-py3-none-any.whl", hash = "sha256:4ed1cacbdc298c220f1bd249ed5287caa16f34d44ef4e9c3d0cbad5b521545e7", size = 14611, upload-time = "2025-10-01T02:14:40.154Z" },
]

[[package]]
name = "uvicorn"
version = "0.47.0"
source = { registry = "https://pypi.org/simple" }
dependencies = [
    { name = "click", marker = "(platform_machine == 'arm64' and sys_platform == 'darwin') or (platform_machine == 'x86_64' and sys_platform == 'darwin') or (platform_machine == 'x86_64' and sys_platform == 'linux') or (platform_machine == 'AMD64' and sys_platform == 'win32')" },
    { name = "h11", marker = "(platform_machine == 'arm64' and sys_platform == 'darwin') or (platform_machine == 'x86_64' and sys_platform == 'darwin') or (platform_machine == 'x86_64' and sys_platform == 'linux') or (platform_machine == 'AMD64' and sys_platform == 'win32')" },
]
sdist = { url = "https://files.pythonhosted.org/packages/f6/b1/8e7077a8641086aea449e1b5752a570f1b5906c64e0a33cd6d93b63a066b/uvicorn-0.47.0.tar.gz", hash = "sha256:7c9a0ea1a9414106bbab7324609c162d8fa0cdcdcb703060987269d77c7bb533", size = 90582, upload-time = "2026-05-14T18:16:54.455Z" }
wheels = [
    { url = "https://files.pythonhosted.org/packages/15/41/ac2dfdbc1f60c7af4f994c7a335cfa7040c01642b605d65f611cecc2a1e4/uvicorn-0.47.0-py3-none-any.whl", hash = "sha256:2c5715bc12d1892d84752049f400cd1c3cb018514967fdfeb97640443a6a9432", size = 71301, upload-time = "2026-05-14T18:16:51.762Z" },
]

[[package]]
name = "virtualenv"
version = "21.3.3"
source = { registry = "https://pypi.org/simple" }
dependencies = [
    { name = "distlib", marker = "(platform_machine == 'arm64' and sys_platform == 'darwin') or (platform_machine == 'x86_64' and sys_platform == 'darwin') or (platform_machine == 'x86_64' and sys_platform == 'linux') or (platform_machine == 'AMD64' and sys_platform == 'win32')" },
    { name = "filelock", marker = "(platform_machine == 'arm64' and sys_platform == 'darwin') or (platform_machine == 'x86_64' and sys_platform == 'darwin') or (platform_machine == 'x86_64' and sys_platform == 'linux') or (platform_machine == 'AMD64' and sys_platform == 'win32')" },
    { name = "platformdirs", marker = "(platform_machine == 'arm64' and sys_platform == 'darwin') or (platform_machine == 'x86_64' and sys_platform == 'darwin') or (platform_machine == 'x86_64' and sys_platform == 'linux') or (platform_machine == 'AMD64' and sys_platform == 'win32')" },
    { name = "python-discovery", marker = "(platform_machine == 'arm64' and sys_platform == 'darwin') or (platform_machine == 'x86_64' and sys_platform == 'darwin') or (platform_machine == 'x86_64' and sys_platform == 'linux') or (platform_machine == 'AMD64' and sys_platform == 'win32')" },
]
sdist = { url = "https://files.pythonhosted.org/packages/15/ba/1f6e8c957e4932be060dcdc482d339c12e0216351478add3645cdaa53c05/virtualenv-21.3.3.tar.gz", hash = "sha256:f5bda277e553b1c2b3c1a8debfc30496e1288cc93ce6b7b71b3280047e317328", size = 7613784, upload-time = "2026-05-13T18:01:30.19Z" }
wheels = [
    { url = "https://files.pythonhosted.org/packages/f4/34/a9dbe051de88a63eb7408ea66630bac38e72f7f6077d4be58737106860d9/virtualenv-21.3.3-py3-none-any.whl", hash = "sha256:7d5987d8369e098e41406efb780a3d4ca79280097293899e351a6407ee153ab3", size = 7594554, upload-time = "2026-05-13T18:01:27.815Z" },
]
